// !$*UTF8*$!
{
	archiveVersion = 1;
	classes = {
	};
	objectVersion = 51;
	objects = {

/* Begin PBXBuildFile section */
		285E178C240836EF00A40B9B /* AppDelegate.swift in Sources */ = {isa = PBXBuildFile; fileRef = 285E178B240836EF00A40B9B /* AppDelegate.swift */; };
		285E178E240836EF00A40B9B /* SceneDelegate.swift in Sources */ = {isa = PBXBuildFile; fileRef = 285E178D240836EF00A40B9B /* SceneDelegate.swift */; };
		285E1793240836EF00A40B9B /* Main.storyboard in Resources */ = {isa = PBXBuildFile; fileRef = 285E1791240836EF00A40B9B /* Main.storyboard */; };
		285E1795240836F100A40B9B /* Assets.xcassets in Resources */ = {isa = PBXBuildFile; fileRef = 285E1794240836F100A40B9B /* Assets.xcassets */; };
		285E17A024083D2500A40B9B /* GoogleService-Info.plist in Resources */ = {isa = PBXBuildFile; fileRef = 285E179F24083D2400A40B9B /* GoogleService-Info.plist */; };
		28E2DC32240846E300D089B3 /* WelcomeViewController.swift in Sources */ = {isa = PBXBuildFile; fileRef = 28E2DC31240846E300D089B3 /* WelcomeViewController.swift */; };
		7E32920C74D2F4D71DD860FD /* Pods_ChateeIOS.framework in Frameworks */ = {isa = PBXBuildFile; fileRef = 80FF24309CA9B9C3F197A968 /* Pods_ChateeIOS.framework */; };
/* End PBXBuildFile section */

/* Begin PBXFileReference section */
		285E1788240836EF00A40B9B /* ChateeIOS.app */ = {isa = PBXFileReference; explicitFileType = wrapper.application; includeInIndex = 0; path = ChateeIOS.app; sourceTree = BUILT_PRODUCTS_DIR; };
		285E178B240836EF00A40B9B /* AppDelegate.swift */ = {isa = PBXFileReference; lastKnownFileType = sourcecode.swift; path = AppDelegate.swift; sourceTree = "<group>"; };
		285E178D240836EF00A40B9B /* SceneDelegate.swift */ = {isa = PBXFileReference; lastKnownFileType = sourcecode.swift; path = SceneDelegate.swift; sourceTree = "<group>"; };
		285E1792240836EF00A40B9B /* Base */ = {isa = PBXFileReference; lastKnownFileType = file.storyboard; name = Base; path = Base.lproj/Main.storyboard; sourceTree = "<group>"; };
		285E1794240836F100A40B9B /* Assets.xcassets */ = {isa = PBXFileReference; lastKnownFileType = folder.assetcatalog; path = Assets.xcassets; sourceTree = "<group>"; };
		285E1799240836F100A40B9B /* Info.plist */ = {isa = PBXFileReference; lastKnownFileType = text.plist.xml; path = Info.plist; sourceTree = "<group>"; };
		285E179F24083D2400A40B9B /* GoogleService-Info.plist */ = {isa = PBXFileReference; fileEncoding = 4; lastKnownFileType = text.plist.xml; path = "GoogleService-Info.plist"; sourceTree = "<group>"; };
		28E2DC31240846E300D089B3 /* WelcomeViewController.swift */ = {isa = PBXFileReference; lastKnownFileType = sourcecode.swift; path = WelcomeViewController.swift; sourceTree = "<group>"; };
		46DA45560DBE18176A9BA4BD /* Pods-ChateeIOS.release.xcconfig */ = {isa = PBXFileReference; includeInIndex = 1; lastKnownFileType = text.xcconfig; name = "Pods-ChateeIOS.release.xcconfig"; path = "Target Support Files/Pods-ChateeIOS/Pods-ChateeIOS.release.xcconfig"; sourceTree = "<group>"; };
		53F8E7AECDC0369901AE6334 /* Pods-ChateeIOS.debug.xcconfig */ = {isa = PBXFileReference; includeInIndex = 1; lastKnownFileType = text.xcconfig; name = "Pods-ChateeIOS.debug.xcconfig"; path = "Target Support Files/Pods-ChateeIOS/Pods-ChateeIOS.debug.xcconfig"; sourceTree = "<group>"; };
		80FF24309CA9B9C3F197A968 /* Pods_ChateeIOS.framework */ = {isa = PBXFileReference; explicitFileType = wrapper.framework; includeInIndex = 0; path = Pods_ChateeIOS.framework; sourceTree = BUILT_PRODUCTS_DIR; };
/* End PBXFileReference section */

/* Begin PBXFrameworksBuildPhase section */
		285E1785240836EF00A40B9B /* Frameworks */ = {
			isa = PBXFrameworksBuildPhase;
			buildActionMask = 2147483647;
			files = (
				7E32920C74D2F4D71DD860FD /* Pods_ChateeIOS.framework in Frameworks */,
			);
			runOnlyForDeploymentPostprocessing = 0;
		};
/* End PBXFrameworksBuildPhase section */

/* Begin PBXGroup section */
		24184073B21D233B47A1E7DD /* Pods */ = {
			isa = PBXGroup;
			children = (
				53F8E7AECDC0369901AE6334 /* Pods-ChateeIOS.debug.xcconfig */,
				46DA45560DBE18176A9BA4BD /* Pods-ChateeIOS.release.xcconfig */,
			);
			path = Pods;
			sourceTree = "<group>";
		};
		285E177F240836EF00A40B9B = {
			isa = PBXGroup;
			children = (
				285E178A240836EF00A40B9B /* ChateeIOS */,
				285E1789240836EF00A40B9B /* Products */,
				24184073B21D233B47A1E7DD /* Pods */,
				A4C58DC6C0F95A1CE108F42C /* Frameworks */,
			);
			sourceTree = "<group>";
		};
		285E1789240836EF00A40B9B /* Products */ = {
			isa = PBXGroup;
			children = (
				285E1788240836EF00A40B9B /* ChateeIOS.app */,
			);
			name = Products;
			sourceTree = "<group>";
		};
		285E178A240836EF00A40B9B /* ChateeIOS */ = {
			isa = PBXGroup;
			children = (
				285E178B240836EF00A40B9B /* AppDelegate.swift */,
				285E178D240836EF00A40B9B /* SceneDelegate.swift */,
				285E1791240836EF00A40B9B /* Main.storyboard */,
				285E1794240836F100A40B9B /* Assets.xcassets */,
				285E1799240836F100A40B9B /* Info.plist */,
				285E179F24083D2400A40B9B /* GoogleService-Info.plist */,
				28E2DC31240846E300D089B3 /* WelcomeViewController.swift */,
			);
			path = ChateeIOS;
			sourceTree = "<group>";
		};
		A4C58DC6C0F95A1CE108F42C /* Frameworks */ = {
			isa = PBXGroup;
			children = (
				80FF24309CA9B9C3F197A968 /* Pods_ChateeIOS.framework */,
			);
			name = Frameworks;
			sourceTree = "<group>";
		};
/* End PBXGroup section */

/* Begin PBXNativeTarget section */
		285E1787240836EF00A40B9B /* ChateeIOS */ = {
			isa = PBXNativeTarget;
			buildConfigurationList = 285E179C240836F100A40B9B /* Build configuration list for PBXNativeTarget "ChateeIOS" */;
			buildPhases = (
				5EE0C8105ECA5D8F84DAC916 /* [CP] Check Pods Manifest.lock */,
				285E1784240836EF00A40B9B /* Sources */,
				285E1785240836EF00A40B9B /* Frameworks */,
				285E1786240836EF00A40B9B /* Resources */,
				C02C38029FDC5CF7DDE9D4B1 /* [CP] Embed Pods Frameworks */,
			);
			buildRules = (
			);
			dependencies = (
			);
			name = ChateeIOS;
			productName = ChateeIOS;
			productReference = 285E1788240836EF00A40B9B /* ChateeIOS.app */;
			productType = "com.apple.product-type.application";
		};
/* End PBXNativeTarget section */

/* Begin PBXProject section */
		285E1780240836EF00A40B9B /* Project object */ = {
			isa = PBXProject;
			attributes = {
				LastSwiftUpdateCheck = 1130;
				LastUpgradeCheck = 1130;
				ORGANIZATIONNAME = "Kwan sing Cheung";
				TargetAttributes = {
					285E1787240836EF00A40B9B = {
						CreatedOnToolsVersion = 11.3.1;
					};
				};
			};
			buildConfigurationList = 285E1783240836EF00A40B9B /* Build configuration list for PBXProject "ChateeIOS" */;
			compatibilityVersion = "Xcode 9.3";
			developmentRegion = en;
			hasScannedForEncodings = 0;
			knownRegions = (
				en,
				Base,
			);
			mainGroup = 285E177F240836EF00A40B9B;
			productRefGroup = 285E1789240836EF00A40B9B /* Products */;
			projectDirPath = "";
			projectRoot = "";
			targets = (
				285E1787240836EF00A40B9B /* ChateeIOS */,
			);
		};
/* End PBXProject section */

/* Begin PBXResourcesBuildPhase section */
		285E1786240836EF00A40B9B /* Resources */ = {
			isa = PBXResourcesBuildPhase;
			buildActionMask = 2147483647;
			files = (
				285E17A024083D2500A40B9B /* GoogleService-Info.plist in Resources */,
				285E1795240836F100A40B9B /* Assets.xcassets in Resources */,
				285E1793240836EF00A40B9B /* Main.storyboard in Resources */,
			);
			runOnlyForDeploymentPostprocessing = 0;
		};
/* End PBXResourcesBuildPhase section */

/* Begin PBXShellScriptBuildPhase section */
		5EE0C8105ECA5D8F84DAC916 /* [CP] Check Pods Manifest.lock */ = {
			isa = PBXShellScriptBuildPhase;
			buildActionMask = 2147483647;
			files = (
			);
			inputFileListPaths = (
			);
			inputPaths = (
				"${PODS_PODFILE_DIR_PATH}/Podfile.lock",
				"${PODS_ROOT}/Manifest.lock",
			);
			name = "[CP] Check Pods Manifest.lock";
			outputFileListPaths = (
			);
			outputPaths = (
				"$(DERIVED_FILE_DIR)/Pods-ChateeIOS-checkManifestLockResult.txt",
			);
			runOnlyForDeploymentPostprocessing = 0;
			shellPath = /bin/sh;
			shellScript = "diff \"${PODS_PODFILE_DIR_PATH}/Podfile.lock\" \"${PODS_ROOT}/Manifest.lock\" > /dev/null\nif [ $? != 0 ] ; then\n    # print error to STDERR\n    echo \"error: The sandbox is not in sync with the Podfile.lock. Run 'pod install' or update your CocoaPods installation.\" >&2\n    exit 1\nfi\n# This output is used by Xcode 'outputs' to avoid re-running this script phase.\necho \"SUCCESS\" > \"${SCRIPT_OUTPUT_FILE_0}\"\n";
			showEnvVarsInLog = 0;
		};
		C02C38029FDC5CF7DDE9D4B1 /* [CP] Embed Pods Frameworks */ = {
			isa = PBXShellScriptBuildPhase;
			buildActionMask = 2147483647;
			files = (
			);
			inputFileListPaths = (
				"${PODS_ROOT}/Target Support Files/Pods-ChateeIOS/Pods-ChateeIOS-frameworks-${CONFIGURATION}-input-files.xcfilelist",
			);
			name = "[CP] Embed Pods Frameworks";
			outputFileListPaths = (
				"${PODS_ROOT}/Target Support Files/Pods-ChateeIOS/Pods-ChateeIOS-frameworks-${CONFIGURATION}-output-files.xcfilelist",
			);
			runOnlyForDeploymentPostprocessing = 0;
			shellPath = /bin/sh;
			shellScript = "\"${PODS_ROOT}/Target Support Files/Pods-ChateeIOS/Pods-ChateeIOS-frameworks.sh\"\n";
			showEnvVarsInLog = 0;
		};
/* End PBXShellScriptBuildPhase section */

/* Begin PBXSourcesBuildPhase section */
		285E1784240836EF00A40B9B /* Sources */ = {
			isa = PBXSourcesBuildPhase;
			buildActionMask = 2147483647;
			files = (
				28E2DC32240846E300D089B3 /* WelcomeViewController.swift in Sources */,
				285E178C240836EF00A40B9B /* AppDelegate.swift in Sources */,
				285E178E240836EF00A40B9B /* SceneDelegate.swift in Sources */,
			);
			runOnlyForDeploymentPostprocessing = 0;
		};
/* End PBXSourcesBuildPhase section */

/* Begin PBXVariantGroup section */
		285E1791240836EF00A40B9B /* Main.storyboard */ = {
			isa = PBXVariantGroup;
			children = (
				285E1792240836EF00A40B9B /* Base */,
			);
			name = Main.storyboard;
			sourceTree = "<group>";
		};
/* End PBXVariantGroup section */

/* Begin XCBuildConfiguration section */
		285E179A240836F100A40B9B /* Debug */ = {
			isa = XCBuildConfiguration;
			buildSettings = {
				ALWAYS_SEARCH_USER_PATHS = NO;
				CLANG_ANALYZER_NONNULL = YES;
				CLANG_ANALYZER_NUMBER_OBJECT_CONVERSION = YES_AGGRESSIVE;
				CLANG_CXX_LANGUAGE_STANDARD = "gnu++14";
				CLANG_CXX_LIBRARY = "libc++";
				CLANG_ENABLE_MODULES = YES;
				CLANG_ENABLE_OBJC_ARC = YES;
				CLANG_ENABLE_OBJC_WEAK = YES;
				CLANG_WARN_BLOCK_CAPTURE_AUTORELEASING = YES;
				CLANG_WARN_BOOL_CONVERSION = YES;
				CLANG_WARN_COMMA = YES;
				CLANG_WARN_CONSTANT_CONVERSION = YES;
				CLANG_WARN_DEPRECATED_OBJC_IMPLEMENTATIONS = YES;
				CLANG_WARN_DIRECT_OBJC_ISA_USAGE = YES_ERROR;
				CLANG_WARN_DOCUMENTATION_COMMENTS = YES;
				CLANG_WARN_EMPTY_BODY = YES;
				CLANG_WARN_ENUM_CONVERSION = YES;
				CLANG_WARN_INFINITE_RECURSION = YES;
				CLANG_WARN_INT_CONVERSION = YES;
				CLANG_WARN_NON_LITERAL_NULL_CONVERSION = YES;
				CLANG_WARN_OBJC_IMPLICIT_RETAIN_SELF = YES;
				CLANG_WARN_OBJC_LITERAL_CONVERSION = YES;
				CLANG_WARN_OBJC_ROOT_CLASS = YES_ERROR;
				CLANG_WARN_RANGE_LOOP_ANALYSIS = YES;
				CLANG_WARN_STRICT_PROTOTYPES = YES;
				CLANG_WARN_SUSPICIOUS_MOVE = YES;
				CLANG_WARN_UNGUARDED_AVAILABILITY = YES_AGGRESSIVE;
				CLANG_WARN_UNREACHABLE_CODE = YES;
				CLANG_WARN__DUPLICATE_METHOD_MATCH = YES;
				COPY_PHASE_STRIP = NO;
				DEBUG_INFORMATION_FORMAT = dwarf;
				ENABLE_STRICT_OBJC_MSGSEND = YES;
				ENABLE_TESTABILITY = YES;
				GCC_C_LANGUAGE_STANDARD = gnu11;
				GCC_DYNAMIC_NO_PIC = NO;
				GCC_NO_COMMON_BLOCKS = YES;
				GCC_OPTIMIZATION_LEVEL = 0;
				GCC_PREPROCESSOR_DEFINITIONS = (
					"DEBUG=1",
					"$(inherited)",
				);
				GCC_WARN_64_TO_32_BIT_CONVERSION = YES;
				GCC_WARN_ABOUT_RETURN_TYPE = YES_ERROR;
				GCC_WARN_UNDECLARED_SELECTOR = YES;
				GCC_WARN_UNINITIALIZED_AUTOS = YES_AGGRESSIVE;
				GCC_WARN_UNUSED_FUNCTION = YES;
				GCC_WARN_UNUSED_VARIABLE = YES;
				IPHONEOS_DEPLOYMENT_TARGET = 13.2;
				MTL_ENABLE_DEBUG_INFO = INCLUDE_SOURCE;
				MTL_FAST_MATH = YES;
				ONLY_ACTIVE_ARCH = YES;
				SDKROOT = iphoneos;
				SWIFT_ACTIVE_COMPILATION_CONDITIONS = DEBUG;
				SWIFT_OPTIMIZATION_LEVEL = "-Onone";
			};
			name = Debug;
		};
		285E179B240836F100A40B9B /* Release */ = {
			isa = XCBuildConfiguration;
			buildSettings = {
				ALWAYS_SEARCH_USER_PATHS = NO;
				CLANG_ANALYZER_NONNULL = YES;
				CLANG_ANALYZER_NUMBER_OBJECT_CONVERSION = YES_AGGRESSIVE;
				CLANG_CXX_LANGUAGE_STANDARD = "gnu++14";
				CLANG_CXX_LIBRARY = "libc++";
				CLANG_ENABLE_MODULES = YES;
				CLANG_ENABLE_OBJC_ARC = YES;
				CLANG_ENABLE_OBJC_WEAK = YES;
				CLANG_WARN_BLOCK_CAPTURE_AUTORELEASING = YES;
				CLANG_WARN_BOOL_CONVERSION = YES;
				CLANG_WARN_COMMA = YES;
				CLANG_WARN_CONSTANT_CONVERSION = YES;
				CLANG_WARN_DEPRECATED_OBJC_IMPLEMENTATIONS = YES;
				CLANG_WARN_DIRECT_OBJC_ISA_USAGE = YES_ERROR;
				CLANG_WARN_DOCUMENTATION_COMMENTS = YES;
				CLANG_WARN_EMPTY_BODY = YES;
				CLANG_WARN_ENUM_CONVERSION = YES;
				CLANG_WARN_INFINITE_RECURSION = YES;
				CLANG_WARN_INT_CONVERSION = YES;
				CLANG_WARN_NON_LITERAL_NULL_CONVERSION = YES;
				CLANG_WARN_OBJC_IMPLICIT_RETAIN_SELF = YES;
				CLANG_WARN_OBJC_LITERAL_CONVERSION = YES;
				CLANG_WARN_OBJC_ROOT_CLASS = YES_ERROR;
				CLANG_WARN_RANGE_LOOP_ANALYSIS = YES;
				CLANG_WARN_STRICT_PROTOTYPES = YES;
				CLANG_WARN_SUSPICIOUS_MOVE = YES;
				CLANG_WARN_UNGUARDED_AVAILABILITY = YES_AGGRESSIVE;
				CLANG_WARN_UNREACHABLE_CODE = YES;
				CLANG_WARN__DUPLICATE_METHOD_MATCH = YES;
				COPY_PHASE_STRIP = NO;
				DEBUG_INFORMATION_FORMAT = "dwarf-with-dsym";
				ENABLE_NS_ASSERTIONS = NO;
				ENABLE_STRICT_OBJC_MSGSEND = YES;
				GCC_C_LANGUAGE_STANDARD = gnu11;
				GCC_NO_COMMON_BLOCKS = YES;
				GCC_WARN_64_TO_32_BIT_CONVERSION = YES;
				GCC_WARN_ABOUT_RETURN_TYPE = YES_ERROR;
				GCC_WARN_UNDECLARED_SELECTOR = YES;
				GCC_WARN_UNINITIALIZED_AUTOS = YES_AGGRESSIVE;
				GCC_WARN_UNUSED_FUNCTION = YES;
				GCC_WARN_UNUSED_VARIABLE = YES;
				IPHONEOS_DEPLOYMENT_TARGET = 13.2;
				MTL_ENABLE_DEBUG_INFO = NO;
				MTL_FAST_MATH = YES;
				SDKROOT = iphoneos;
				SWIFT_COMPILATION_MODE = wholemodule;
				SWIFT_OPTIMIZATION_LEVEL = "-O";
				VALIDATE_PRODUCT = YES;
			};
			name = Release;
		};
		285E179D240836F100A40B9B /* Debug */ = {
			isa = XCBuildConfiguration;
			baseConfigurationReference = 53F8E7AECDC0369901AE6334 /* Pods-ChateeIOS.debug.xcconfig */;
			buildSettings = {
				ASSETCATALOG_COMPILER_APPICON_NAME = AppIcon;
				CODE_SIGN_STYLE = Automatic;
				DEVELOPMENT_TEAM = XR3RHXV448;
				INFOPLIST_FILE = ChateeIOS/Info.plist;
				LD_RUNPATH_SEARCH_PATHS = (
					"$(inherited)",
					"@executable_path/Frameworks",
				);
				PRODUCT_BUNDLE_IDENTIFIER = com.WinsonCheung.ChateeIOS;
				PRODUCT_NAME = "$(TARGET_NAME)";
				SWIFT_VERSION = 5.0;
				TARGETED_DEVICE_FAMILY = "1,2";
			};
			name = Debug;
		};
		285E179E240836F100A40B9B /* Release */ = {
			isa = XCBuildConfiguration;
			baseConfigurationReference = 46DA45560DBE18176A9BA4BD /* Pods-ChateeIOS.release.xcconfig */;
			buildSettings = {
				ASSETCATALOG_COMPILER_APPICON_NAME = AppIcon;
				CODE_SIGN_STYLE = Automatic;
				DEVELOPMENT_TEAM = XR3RHXV448;
				INFOPLIST_FILE = ChateeIOS/Info.plist;
				LD_RUNPATH_SEARCH_PATHS = (
					"$(inherited)",
					"@executable_path/Frameworks",
				);
				PRODUCT_BUNDLE_IDENTIFIER = com.WinsonCheung.ChateeIOS;
				PRODUCT_NAME = "$(TARGET_NAME)";
				SWIFT_VERSION = 5.0;
				TARGETED_DEVICE_FAMILY = "1,2";
			};
			name = Release;
		};
/* End XCBuildConfiguration section */

/* Begin XCConfigurationList section */
		285E1783240836EF00A40B9B /* Build configuration list for PBXProject "ChateeIOS" */ = {
			isa = XCConfigurationList;
			buildConfigurations = (
				285E179A240836F100A40B9B /* Debug */,
				285E179B240836F100A40B9B /* Release */,
			);
			defaultConfigurationIsVisible = 0;
			defaultConfigurationName = Release;
		};
		285E179C240836F100A40B9B /* Build configuration list for PBXNativeTarget "ChateeIOS" */ = {
			isa = XCConfigurationList;
			buildConfigurations = (
				285E179D240836F100A40B9B /* Debug */,
				285E179E240836F100A40B9B /* Release */,
			);
			defaultConfigurationIsVisible = 0;
			defaultConfigurationName = Release;
		};
/* End XCConfigurationList section */
	};
	rootObject = 285E1780240836EF00A40B9B /* Project object */;
}
